// !$*UTF8*$!
{
	archiveVersion = 1;
	classes = {
	};
	objectVersion = 55;
	objects = {

/* Begin PBXBuildFile section */
		9AAA5CF028CCD20000C3ABF9 /* Utils.swift in Sources */ = {isa = PBXBuildFile; fileRef = 9AAA5CEF28CCD20000C3ABF9 /* Utils.swift */; };
		9AC0E36A28CA557E0071AC71 /* ProductModel.swift in Sources */ = {isa = PBXBuildFile; fileRef = 9AC0E36928CA557E0071AC71 /* ProductModel.swift */; };
		9AC0E36C28CA55BF0071AC71 /* ProductListModel.swift in Sources */ = {isa = PBXBuildFile; fileRef = 9AC0E36B28CA55BF0071AC71 /* ProductListModel.swift */; };
		9AC0E36E28CA56DA0071AC71 /* ShoppingAppError.swift in Sources */ = {isa = PBXBuildFile; fileRef = 9AC0E36D28CA56DA0071AC71 /* ShoppingAppError.swift */; };
		9AC0E37828CA58300071AC71 /* ProductListService.swift in Sources */ = {isa = PBXBuildFile; fileRef = 9AC0E37728CA58300071AC71 /* ProductListService.swift */; };
		9AC0E37A28CA59AC0071AC71 /* ProductListViewModel.swift in Sources */ = {isa = PBXBuildFile; fileRef = 9AC0E37928CA59AC0071AC71 /* ProductListViewModel.swift */; };
		9AC0E37C28CA60840071AC71 /* NavigationBarConfigurator.swift in Sources */ = {isa = PBXBuildFile; fileRef = 9AC0E37B28CA60840071AC71 /* NavigationBarConfigurator.swift */; };
		9AC0E37E28CA60A40071AC71 /* ProductListView.swift in Sources */ = {isa = PBXBuildFile; fileRef = 9AC0E37D28CA60A40071AC71 /* ProductListView.swift */; };
		9AC0E38128CA62CB0071AC71 /* ProductCell.swift in Sources */ = {isa = PBXBuildFile; fileRef = 9AC0E38028CA62CB0071AC71 /* ProductCell.swift */; };
		9AC0E38328CA67A20071AC71 /* DataLoader.swift in Sources */ = {isa = PBXBuildFile; fileRef = 9AC0E38228CA67A20071AC71 /* DataLoader.swift */; };
		9AC0E38928CA6BB20071AC71 /* Roboto-Regular.ttf in Resources */ = {isa = PBXBuildFile; fileRef = 9AC0E38628CA6BB20071AC71 /* Roboto-Regular.ttf */; };
		9AC0E38A28CA6BB20071AC71 /* Roboto-Bold.ttf in Resources */ = {isa = PBXBuildFile; fileRef = 9AC0E38728CA6BB20071AC71 /* Roboto-Bold.ttf */; };
		9AC0E38B28CA6BB20071AC71 /* Roboto-Black.ttf in Resources */ = {isa = PBXBuildFile; fileRef = 9AC0E38828CA6BB20071AC71 /* Roboto-Black.ttf */; };
		9AC1210828C9C46300075625 /* ShoppingAppApp.swift in Sources */ = {isa = PBXBuildFile; fileRef = 9AC1210728C9C46300075625 /* ShoppingAppApp.swift */; };
		9AC1210C28C9C46400075625 /* Assets.xcassets in Resources */ = {isa = PBXBuildFile; fileRef = 9AC1210B28C9C46400075625 /* Assets.xcassets */; };
		9AC1210F28C9C46400075625 /* Preview Assets.xcassets in Resources */ = {isa = PBXBuildFile; fileRef = 9AC1210E28C9C46400075625 /* Preview Assets.xcassets */; };
		9AC1211928C9C46500075625 /* ShoppingAppTests.swift in Sources */ = {isa = PBXBuildFile; fileRef = 9AC1211828C9C46500075625 /* ShoppingAppTests.swift */; };
		9AC1212328C9C46500075625 /* ShoppingAppUITests.swift in Sources */ = {isa = PBXBuildFile; fileRef = 9AC1212228C9C46500075625 /* ShoppingAppUITests.swift */; };
		9AC1212528C9C46500075625 /* ShoppingAppUITestsLaunchTests.swift in Sources */ = {isa = PBXBuildFile; fileRef = 9AC1212428C9C46500075625 /* ShoppingAppUITestsLaunchTests.swift */; };
		9AC9E83828CC7A1F00EDF961 /* TagsView.swift in Sources */ = {isa = PBXBuildFile; fileRef = 9AC9E83728CC7A1F00EDF961 /* TagsView.swift */; };
		9AC9E83A28CC7A3700EDF961 /* ProductImageView.swift in Sources */ = {isa = PBXBuildFile; fileRef = 9AC9E83928CC7A3700EDF961 /* ProductImageView.swift */; };
		9AC9E83C28CC7C0900EDF961 /* AppEnvironment.swift in Sources */ = {isa = PBXBuildFile; fileRef = 9AC9E83B28CC7C0900EDF961 /* AppEnvironment.swift */; };
		9AC9E83F28CC7C1D00EDF961 /* HomeSceneDI.swift in Sources */ = {isa = PBXBuildFile; fileRef = 9AC9E83E28CC7C1D00EDF961 /* HomeSceneDI.swift */; };
		9AC9E84128CC7DA400EDF961 /* AppDI.swift in Sources */ = {isa = PBXBuildFile; fileRef = 9AC9E84028CC7DA400EDF961 /* AppDI.swift */; };
		9AC9E84328CC913C00EDF961 /* ErrorView.swift in Sources */ = {isa = PBXBuildFile; fileRef = 9AC9E84228CC913C00EDF961 /* ErrorView.swift */; };
		9AC9E84528CC95C000EDF961 /* ProductDetailsView.swift in Sources */ = {isa = PBXBuildFile; fileRef = 9AC9E84428CC95C000EDF961 /* ProductDetailsView.swift */; };
		9AC9E84728CC9FDE00EDF961 /* Constants.swift in Sources */ = {isa = PBXBuildFile; fileRef = 9AC9E84628CC9FDE00EDF961 /* Constants.swift */; };
		9ACB808F28CCF97100BACCCB /* UserDefaultsWrapper.swift in Sources */ = {isa = PBXBuildFile; fileRef = 9ACB808E28CCF97100BACCCB /* UserDefaultsWrapper.swift */; };
		9ACB809128CCFC1600BACCCB /* WishListManager.swift in Sources */ = {isa = PBXBuildFile; fileRef = 9ACB809028CCFC1600BACCCB /* WishListManager.swift */; };
		9ACB809328CCFD9600BACCCB /* CartManager.swift in Sources */ = {isa = PBXBuildFile; fileRef = 9ACB809228CCFD9600BACCCB /* CartManager.swift */; };
		9ACB809528CCFE4400BACCCB /* ProductDetailsViewModel.swift in Sources */ = {isa = PBXBuildFile; fileRef = 9ACB809428CCFE4400BACCCB /* ProductDetailsViewModel.swift */; };
/* End PBXBuildFile section */

/* Begin PBXContainerItemProxy section */
		9AC1211528C9C46500075625 /* PBXContainerItemProxy */ = {
			isa = PBXContainerItemProxy;
			containerPortal = 9AC120FC28C9C46300075625 /* Project object */;
			proxyType = 1;
			remoteGlobalIDString = 9AC1210328C9C46300075625;
			remoteInfo = ShoppingApp;
		};
		9AC1211F28C9C46500075625 /* PBXContainerItemProxy */ = {
			isa = PBXContainerItemProxy;
			containerPortal = 9AC120FC28C9C46300075625 /* Project object */;
			proxyType = 1;
			remoteGlobalIDString = 9AC1210328C9C46300075625;
			remoteInfo = ShoppingApp;
		};
/* End PBXContainerItemProxy section */

/* Begin PBXFileReference section */
		9AAA5CEF28CCD20000C3ABF9 /* Utils.swift */ = {isa = PBXFileReference; lastKnownFileType = sourcecode.swift; path = Utils.swift; sourceTree = "<group>"; };
		9AC0E36928CA557E0071AC71 /* ProductModel.swift */ = {isa = PBXFileReference; lastKnownFileType = sourcecode.swift; path = ProductModel.swift; sourceTree = "<group>"; };
		9AC0E36B28CA55BF0071AC71 /* ProductListModel.swift */ = {isa = PBXFileReference; lastKnownFileType = sourcecode.swift; path = ProductListModel.swift; sourceTree = "<group>"; };
		9AC0E36D28CA56DA0071AC71 /* ShoppingAppError.swift */ = {isa = PBXFileReference; lastKnownFileType = sourcecode.swift; path = ShoppingAppError.swift; sourceTree = "<group>"; };
		9AC0E37728CA58300071AC71 /* ProductListService.swift */ = {isa = PBXFileReference; lastKnownFileType = sourcecode.swift; path = ProductListService.swift; sourceTree = "<group>"; };
		9AC0E37928CA59AC0071AC71 /* ProductListViewModel.swift */ = {isa = PBXFileReference; lastKnownFileType = sourcecode.swift; path = ProductListViewModel.swift; sourceTree = "<group>"; };
		9AC0E37B28CA60840071AC71 /* NavigationBarConfigurator.swift */ = {isa = PBXFileReference; lastKnownFileType = sourcecode.swift; path = NavigationBarConfigurator.swift; sourceTree = "<group>"; };
		9AC0E37D28CA60A40071AC71 /* ProductListView.swift */ = {isa = PBXFileReference; lastKnownFileType = sourcecode.swift; path = ProductListView.swift; sourceTree = "<group>"; };
		9AC0E38028CA62CB0071AC71 /* ProductCell.swift */ = {isa = PBXFileReference; lastKnownFileType = sourcecode.swift; path = ProductCell.swift; sourceTree = "<group>"; };
		9AC0E38228CA67A20071AC71 /* DataLoader.swift */ = {isa = PBXFileReference; lastKnownFileType = sourcecode.swift; path = DataLoader.swift; sourceTree = "<group>"; };
		9AC0E38628CA6BB20071AC71 /* Roboto-Regular.ttf */ = {isa = PBXFileReference; lastKnownFileType = file; path = "Roboto-Regular.ttf"; sourceTree = "<group>"; };
		9AC0E38728CA6BB20071AC71 /* Roboto-Bold.ttf */ = {isa = PBXFileReference; lastKnownFileType = file; path = "Roboto-Bold.ttf"; sourceTree = "<group>"; };
		9AC0E38828CA6BB20071AC71 /* Roboto-Black.ttf */ = {isa = PBXFileReference; lastKnownFileType = file; path = "Roboto-Black.ttf"; sourceTree = "<group>"; };
		9AC1210428C9C46300075625 /* ShoppingApp.app */ = {isa = PBXFileReference; explicitFileType = wrapper.application; includeInIndex = 0; path = ShoppingApp.app; sourceTree = BUILT_PRODUCTS_DIR; };
		9AC1210728C9C46300075625 /* ShoppingAppApp.swift */ = {isa = PBXFileReference; lastKnownFileType = sourcecode.swift; path = ShoppingAppApp.swift; sourceTree = "<group>"; };
		9AC1210B28C9C46400075625 /* Assets.xcassets */ = {isa = PBXFileReference; lastKnownFileType = folder.assetcatalog; path = Assets.xcassets; sourceTree = "<group>"; };
		9AC1210E28C9C46400075625 /* Preview Assets.xcassets */ = {isa = PBXFileReference; lastKnownFileType = folder.assetcatalog; path = "Preview Assets.xcassets"; sourceTree = "<group>"; };
		9AC1211428C9C46500075625 /* ShoppingAppTests.xctest */ = {isa = PBXFileReference; explicitFileType = wrapper.cfbundle; includeInIndex = 0; path = ShoppingAppTests.xctest; sourceTree = BUILT_PRODUCTS_DIR; };
		9AC1211828C9C46500075625 /* ShoppingAppTests.swift */ = {isa = PBXFileReference; lastKnownFileType = sourcecode.swift; path = ShoppingAppTests.swift; sourceTree = "<group>"; };
		9AC1211E28C9C46500075625 /* ShoppingAppUITests.xctest */ = {isa = PBXFileReference; explicitFileType = wrapper.cfbundle; includeInIndex = 0; path = ShoppingAppUITests.xctest; sourceTree = BUILT_PRODUCTS_DIR; };
		9AC1212228C9C46500075625 /* ShoppingAppUITests.swift */ = {isa = PBXFileReference; lastKnownFileType = sourcecode.swift; path = ShoppingAppUITests.swift; sourceTree = "<group>"; };
		9AC1212428C9C46500075625 /* ShoppingAppUITestsLaunchTests.swift */ = {isa = PBXFileReference; lastKnownFileType = sourcecode.swift; path = ShoppingAppUITestsLaunchTests.swift; sourceTree = "<group>"; };
		9AC1213128C9C47700075625 /* Info.plist */ = {isa = PBXFileReference; lastKnownFileType = text.plist.xml; path = Info.plist; sourceTree = "<group>"; };
		9AC9E83728CC7A1F00EDF961 /* TagsView.swift */ = {isa = PBXFileReference; lastKnownFileType = sourcecode.swift; path = TagsView.swift; sourceTree = "<group>"; };
		9AC9E83928CC7A3700EDF961 /* ProductImageView.swift */ = {isa = PBXFileReference; lastKnownFileType = sourcecode.swift; path = ProductImageView.swift; sourceTree = "<group>"; };
		9AC9E83B28CC7C0900EDF961 /* AppEnvironment.swift */ = {isa = PBXFileReference; lastKnownFileType = sourcecode.swift; path = AppEnvironment.swift; sourceTree = "<group>"; };
		9AC9E83E28CC7C1D00EDF961 /* HomeSceneDI.swift */ = {isa = PBXFileReference; lastKnownFileType = sourcecode.swift; path = HomeSceneDI.swift; sourceTree = "<group>"; };
		9AC9E84028CC7DA400EDF961 /* AppDI.swift */ = {isa = PBXFileReference; lastKnownFileType = sourcecode.swift; path = AppDI.swift; sourceTree = "<group>"; };
		9AC9E84228CC913C00EDF961 /* ErrorView.swift */ = {isa = PBXFileReference; lastKnownFileType = sourcecode.swift; path = ErrorView.swift; sourceTree = "<group>"; };
		9AC9E84428CC95C000EDF961 /* ProductDetailsView.swift */ = {isa = PBXFileReference; lastKnownFileType = sourcecode.swift; path = ProductDetailsView.swift; sourceTree = "<group>"; };
		9AC9E84628CC9FDE00EDF961 /* Constants.swift */ = {isa = PBXFileReference; lastKnownFileType = sourcecode.swift; path = Constants.swift; sourceTree = "<group>"; };
		9ACB808E28CCF97100BACCCB /* UserDefaultsWrapper.swift */ = {isa = PBXFileReference; lastKnownFileType = sourcecode.swift; path = UserDefaultsWrapper.swift; sourceTree = "<group>"; };
		9ACB809028CCFC1600BACCCB /* WishListManager.swift */ = {isa = PBXFileReference; lastKnownFileType = sourcecode.swift; path = WishListManager.swift; sourceTree = "<group>"; };
		9ACB809228CCFD9600BACCCB /* CartManager.swift */ = {isa = PBXFileReference; lastKnownFileType = sourcecode.swift; path = CartManager.swift; sourceTree = "<group>"; };
		9ACB809428CCFE4400BACCCB /* ProductDetailsViewModel.swift */ = {isa = PBXFileReference; lastKnownFileType = sourcecode.swift; path = ProductDetailsViewModel.swift; sourceTree = "<group>"; };
/* End PBXFileReference section */

/* Begin PBXFrameworksBuildPhase section */
		9AC1210128C9C46300075625 /* Frameworks */ = {
			isa = PBXFrameworksBuildPhase;
			buildActionMask = 2147483647;
			files = (
			);
			runOnlyForDeploymentPostprocessing = 0;
		};
		9AC1211128C9C46500075625 /* Frameworks */ = {
			isa = PBXFrameworksBuildPhase;
			buildActionMask = 2147483647;
			files = (
			);
			runOnlyForDeploymentPostprocessing = 0;
		};
		9AC1211B28C9C46500075625 /* Frameworks */ = {
			isa = PBXFrameworksBuildPhase;
			buildActionMask = 2147483647;
			files = (
			);
			runOnlyForDeploymentPostprocessing = 0;
		};
/* End PBXFrameworksBuildPhase section */

/* Begin PBXGroup section */
		9A3A582B28CA5331000C84B5 /* AppFiles */ = {
			isa = PBXGroup;
			children = (
				9AC1210728C9C46300075625 /* ShoppingAppApp.swift */,
				9AC1213128C9C47700075625 /* Info.plist */,
			);
			path = AppFiles;
			sourceTree = "<group>";
		};
		9AC0E36328CA54CB0071AC71 /* Resources */ = {
			isa = PBXGroup;
			children = (
				9AC0E38428CA6BB20071AC71 /* Fonts */,
				9AC1210B28C9C46400075625 /* Assets.xcassets */,
			);
			path = Resources;
			sourceTree = "<group>";
		};
		9AC0E36428CA550D0071AC71 /* Models */ = {
			isa = PBXGroup;
			children = (
				9AC0E36828CA55640071AC71 /* ProductList */,
			);
			path = Models;
			sourceTree = "<group>";
		};
		9AC0E36528CA55340071AC71 /* Modules */ = {
			isa = PBXGroup;
			children = (
				9AC9E83628CC7A0F00EDF961 /* CommonViews */,
				9AC0E37328CA57960071AC71 /* WishList */,
				9AC0E37128CA577F0071AC71 /* Home */,
			);
			path = Modules;
			sourceTree = "<group>";
		};
		9AC0E36628CA553F0071AC71 /* Common */ = {
			isa = PBXGroup;
			children = (
				9ACB808D28CCF96000BACCCB /* Wrappers */,
				9AC9E83D28CC7C0D00EDF961 /* DI */,
				9AC0E36D28CA56DA0071AC71 /* ShoppingAppError.swift */,
				9AC0E37B28CA60840071AC71 /* NavigationBarConfigurator.swift */,
				9AC0E38228CA67A20071AC71 /* DataLoader.swift */,
				9AC9E83B28CC7C0900EDF961 /* AppEnvironment.swift */,
				9AC9E84628CC9FDE00EDF961 /* Constants.swift */,
				9AAA5CEF28CCD20000C3ABF9 /* Utils.swift */,
			);
			path = Common;
			sourceTree = "<group>";
		};
		9AC0E36728CA55590071AC71 /* Networking */ = {
			isa = PBXGroup;
			children = (
				9AC0E37628CA58130071AC71 /* ProductList */,
			);
			path = Networking;
			sourceTree = "<group>";
		};
		9AC0E36828CA55640071AC71 /* ProductList */ = {
			isa = PBXGroup;
			children = (
				9AC0E36928CA557E0071AC71 /* ProductModel.swift */,
				9AC0E36B28CA55BF0071AC71 /* ProductListModel.swift */,
			);
			path = ProductList;
			sourceTree = "<group>";
		};
		9AC0E36F28CA575A0071AC71 /* ProductListScence */ = {
			isa = PBXGroup;
			children = (
				9AC0E37F28CA62BA0071AC71 /* Cells */,
				9AC0E37928CA59AC0071AC71 /* ProductListViewModel.swift */,
				9AC0E37D28CA60A40071AC71 /* ProductListView.swift */,
			);
			path = ProductListScence;
			sourceTree = "<group>";
		};
		9AC0E37028CA57690071AC71 /* ProductDetailScence */ = {
			isa = PBXGroup;
			children = (
				9AC9E84428CC95C000EDF961 /* ProductDetailsView.swift */,
				9ACB809428CCFE4400BACCCB /* ProductDetailsViewModel.swift */,
			);
			path = ProductDetailScence;
			sourceTree = "<group>";
		};
		9AC0E37128CA577F0071AC71 /* Home */ = {
			isa = PBXGroup;
			children = (
				9AC0E37228CA57870071AC71 /* Scenes */,
			);
			path = Home;
			sourceTree = "<group>";
		};
		9AC0E37228CA57870071AC71 /* Scenes */ = {
			isa = PBXGroup;
			children = (
				9AC0E37028CA57690071AC71 /* ProductDetailScence */,
				9AC0E36F28CA575A0071AC71 /* ProductListScence */,
			);
			path = Scenes;
			sourceTree = "<group>";
		};
		9AC0E37328CA57960071AC71 /* WishList */ = {
			isa = PBXGroup;
			children = (
				9AC0E37428CA579C0071AC71 /* Scenes */,
			);
			path = WishList;
			sourceTree = "<group>";
		};
		9AC0E37428CA579C0071AC71 /* Scenes */ = {
			isa = PBXGroup;
			children = (
				9AC0E37528CA57A60071AC71 /* WIshListScene */,
			);
			path = Scenes;
			sourceTree = "<group>";
		};
		9AC0E37528CA57A60071AC71 /* WIshListScene */ = {
			isa = PBXGroup;
			children = (
			);
			path = WIshListScene;
			sourceTree = "<group>";
		};
		9AC0E37628CA58130071AC71 /* ProductList */ = {
			isa = PBXGroup;
			children = (
				9AC0E37728CA58300071AC71 /* ProductListService.swift */,
			);
			path = ProductList;
			sourceTree = "<group>";
		};
		9AC0E37F28CA62BA0071AC71 /* Cells */ = {
			isa = PBXGroup;
			children = (
				9AC0E38028CA62CB0071AC71 /* ProductCell.swift */,
			);
			path = Cells;
			sourceTree = "<group>";
		};
		9AC0E38428CA6BB20071AC71 /* Fonts */ = {
			isa = PBXGroup;
			children = (
				9AC0E38528CA6BB20071AC71 /* Roboto */,
			);
			path = Fonts;
			sourceTree = "<group>";
		};
		9AC0E38528CA6BB20071AC71 /* Roboto */ = {
			isa = PBXGroup;
			children = (
				9AC0E38628CA6BB20071AC71 /* Roboto-Regular.ttf */,
				9AC0E38728CA6BB20071AC71 /* Roboto-Bold.ttf */,
				9AC0E38828CA6BB20071AC71 /* Roboto-Black.ttf */,
			);
			path = Roboto;
			sourceTree = "<group>";
		};
		9AC120FB28C9C46300075625 = {
			isa = PBXGroup;
			children = (
				9AC1210628C9C46300075625 /* ShoppingApp */,
				9AC1211728C9C46500075625 /* ShoppingAppTests */,
				9AC1212128C9C46500075625 /* ShoppingAppUITests */,
				9AC1210528C9C46300075625 /* Products */,
			);
			sourceTree = "<group>";
		};
		9AC1210528C9C46300075625 /* Products */ = {
			isa = PBXGroup;
			children = (
				9AC1210428C9C46300075625 /* ShoppingApp.app */,
				9AC1211428C9C46500075625 /* ShoppingAppTests.xctest */,
				9AC1211E28C9C46500075625 /* ShoppingAppUITests.xctest */,
			);
			name = Products;
			sourceTree = "<group>";
		};
		9AC1210628C9C46300075625 /* ShoppingApp */ = {
			isa = PBXGroup;
			children = (
				9AC0E36628CA553F0071AC71 /* Common */,
				9A3A582B28CA5331000C84B5 /* AppFiles */,
				9AC0E36328CA54CB0071AC71 /* Resources */,
				9AC0E36528CA55340071AC71 /* Modules */,
				9AC0E36428CA550D0071AC71 /* Models */,
				9AC0E36728CA55590071AC71 /* Networking */,
				9AC1210D28C9C46400075625 /* Preview Content */,
			);
			path = ShoppingApp;
			sourceTree = "<group>";
		};
		9AC1210D28C9C46400075625 /* Preview Content */ = {
			isa = PBXGroup;
			children = (
				9AC1210E28C9C46400075625 /* Preview Assets.xcassets */,
			);
			path = "Preview Content";
			sourceTree = "<group>";
		};
		9AC1211728C9C46500075625 /* ShoppingAppTests */ = {
			isa = PBXGroup;
			children = (
				9AC1211828C9C46500075625 /* ShoppingAppTests.swift */,
			);
			path = ShoppingAppTests;
			sourceTree = "<group>";
		};
		9AC1212128C9C46500075625 /* ShoppingAppUITests */ = {
			isa = PBXGroup;
			children = (
				9AC1212228C9C46500075625 /* ShoppingAppUITests.swift */,
				9AC1212428C9C46500075625 /* ShoppingAppUITestsLaunchTests.swift */,
			);
			path = ShoppingAppUITests;
			sourceTree = "<group>";
		};
		9AC9E83628CC7A0F00EDF961 /* CommonViews */ = {
			isa = PBXGroup;
			children = (
				9AC9E83728CC7A1F00EDF961 /* TagsView.swift */,
				9AC9E83928CC7A3700EDF961 /* ProductImageView.swift */,
				9AC9E84228CC913C00EDF961 /* ErrorView.swift */,
			);
			path = CommonViews;
			sourceTree = "<group>";
		};
		9AC9E83D28CC7C0D00EDF961 /* DI */ = {
			isa = PBXGroup;
			children = (
				9AC9E83E28CC7C1D00EDF961 /* HomeSceneDI.swift */,
				9AC9E84028CC7DA400EDF961 /* AppDI.swift */,
			);
			path = DI;
			sourceTree = "<group>";
		};
		9ACB808D28CCF96000BACCCB /* Wrappers */ = {
			isa = PBXGroup;
			children = (
				9ACB808E28CCF97100BACCCB /* UserDefaultsWrapper.swift */,
				9ACB809028CCFC1600BACCCB /* WishListManager.swift */,
				9ACB809228CCFD9600BACCCB /* CartManager.swift */,
			);
			path = Wrappers;
			sourceTree = "<group>";
		};
/* End PBXGroup section */

/* Begin PBXNativeTarget section */
		9AC1210328C9C46300075625 /* ShoppingApp */ = {
			isa = PBXNativeTarget;
			buildConfigurationList = 9AC1212828C9C46500075625 /* Build configuration list for PBXNativeTarget "ShoppingApp" */;
			buildPhases = (
				9AC1210028C9C46300075625 /* Sources */,
				9AC1210128C9C46300075625 /* Frameworks */,
				9AC1210228C9C46300075625 /* Resources */,
			);
			buildRules = (
			);
			dependencies = (
			);
			name = ShoppingApp;
			productName = ShoppingApp;
			productReference = 9AC1210428C9C46300075625 /* ShoppingApp.app */;
			productType = "com.apple.product-type.application";
		};
		9AC1211328C9C46500075625 /* ShoppingAppTests */ = {
			isa = PBXNativeTarget;
			buildConfigurationList = 9AC1212B28C9C46500075625 /* Build configuration list for PBXNativeTarget "ShoppingAppTests" */;
			buildPhases = (
				9AC1211028C9C46500075625 /* Sources */,
				9AC1211128C9C46500075625 /* Frameworks */,
				9AC1211228C9C46500075625 /* Resources */,
			);
			buildRules = (
			);
			dependencies = (
				9AC1211628C9C46500075625 /* PBXTargetDependency */,
			);
			name = ShoppingAppTests;
			productName = ShoppingAppTests;
			productReference = 9AC1211428C9C46500075625 /* ShoppingAppTests.xctest */;
			productType = "com.apple.product-type.bundle.unit-test";
		};
		9AC1211D28C9C46500075625 /* ShoppingAppUITests */ = {
			isa = PBXNativeTarget;
			buildConfigurationList = 9AC1212E28C9C46500075625 /* Build configuration list for PBXNativeTarget "ShoppingAppUITests" */;
			buildPhases = (
				9AC1211A28C9C46500075625 /* Sources */,
				9AC1211B28C9C46500075625 /* Frameworks */,
				9AC1211C28C9C46500075625 /* Resources */,
			);
			buildRules = (
			);
			dependencies = (
				9AC1212028C9C46500075625 /* PBXTargetDependency */,
			);
			name = ShoppingAppUITests;
			productName = ShoppingAppUITests;
			productReference = 9AC1211E28C9C46500075625 /* ShoppingAppUITests.xctest */;
			productType = "com.apple.product-type.bundle.ui-testing";
		};
/* End PBXNativeTarget section */

/* Begin PBXProject section */
		9AC120FC28C9C46300075625 /* Project object */ = {
			isa = PBXProject;
			attributes = {
				BuildIndependentTargetsInParallel = 1;
				LastSwiftUpdateCheck = 1340;
				LastUpgradeCheck = 1340;
				TargetAttributes = {
					9AC1210328C9C46300075625 = {
						CreatedOnToolsVersion = 13.4.1;
					};
					9AC1211328C9C46500075625 = {
						CreatedOnToolsVersion = 13.4.1;
						TestTargetID = 9AC1210328C9C46300075625;
					};
					9AC1211D28C9C46500075625 = {
						CreatedOnToolsVersion = 13.4.1;
						TestTargetID = 9AC1210328C9C46300075625;
					};
				};
			};
			buildConfigurationList = 9AC120FF28C9C46300075625 /* Build configuration list for PBXProject "ShoppingApp" */;
			compatibilityVersion = "Xcode 13.0";
			developmentRegion = en;
			hasScannedForEncodings = 0;
			knownRegions = (
				en,
				Base,
			);
			mainGroup = 9AC120FB28C9C46300075625;
			productRefGroup = 9AC1210528C9C46300075625 /* Products */;
			projectDirPath = "";
			projectRoot = "";
			targets = (
				9AC1210328C9C46300075625 /* ShoppingApp */,
				9AC1211328C9C46500075625 /* ShoppingAppTests */,
				9AC1211D28C9C46500075625 /* ShoppingAppUITests */,
			);
		};
/* End PBXProject section */

/* Begin PBXResourcesBuildPhase section */
		9AC1210228C9C46300075625 /* Resources */ = {
			isa = PBXResourcesBuildPhase;
			buildActionMask = 2147483647;
			files = (
				9AC0E38928CA6BB20071AC71 /* Roboto-Regular.ttf in Resources */,
				9AC1210F28C9C46400075625 /* Preview Assets.xcassets in Resources */,
				9AC0E38B28CA6BB20071AC71 /* Roboto-Black.ttf in Resources */,
				9AC0E38A28CA6BB20071AC71 /* Roboto-Bold.ttf in Resources */,
				9AC1210C28C9C46400075625 /* Assets.xcassets in Resources */,
			);
			runOnlyForDeploymentPostprocessing = 0;
		};
		9AC1211228C9C46500075625 /* Resources */ = {
			isa = PBXResourcesBuildPhase;
			buildActionMask = 2147483647;
			files = (
			);
			runOnlyForDeploymentPostprocessing = 0;
		};
		9AC1211C28C9C46500075625 /* Resources */ = {
			isa = PBXResourcesBuildPhase;
			buildActionMask = 2147483647;
			files = (
			);
			runOnlyForDeploymentPostprocessing = 0;
		};
/* End PBXResourcesBuildPhase section */

/* Begin PBXSourcesBuildPhase section */
		9AC1210028C9C46300075625 /* Sources */ = {
			isa = PBXSourcesBuildPhase;
			buildActionMask = 2147483647;
			files = (
				9AC0E38328CA67A20071AC71 /* DataLoader.swift in Sources */,
				9AC0E36E28CA56DA0071AC71 /* ShoppingAppError.swift in Sources */,
				9ACB809528CCFE4400BACCCB /* ProductDetailsViewModel.swift in Sources */,
				9AC0E37C28CA60840071AC71 /* NavigationBarConfigurator.swift in Sources */,
				9ACB809328CCFD9600BACCCB /* CartManager.swift in Sources */,
				9AC0E36A28CA557E0071AC71 /* ProductModel.swift in Sources */,
				9AC0E37A28CA59AC0071AC71 /* ProductListViewModel.swift in Sources */,
				9AC0E37828CA58300071AC71 /* ProductListService.swift in Sources */,
				9AC9E83F28CC7C1D00EDF961 /* HomeSceneDI.swift in Sources */,
				9AC0E37E28CA60A40071AC71 /* ProductListView.swift in Sources */,
				9AC0E38128CA62CB0071AC71 /* ProductCell.swift in Sources */,
				9AC9E83C28CC7C0900EDF961 /* AppEnvironment.swift in Sources */,
				9AC9E84528CC95C000EDF961 /* ProductDetailsView.swift in Sources */,
				9AC9E83A28CC7A3700EDF961 /* ProductImageView.swift in Sources */,
				9AC1210828C9C46300075625 /* ShoppingAppApp.swift in Sources */,
				9AC9E84128CC7DA400EDF961 /* AppDI.swift in Sources */,
				9AC9E83828CC7A1F00EDF961 /* TagsView.swift in Sources */,
				9AC0E36C28CA55BF0071AC71 /* ProductListModel.swift in Sources */,
				9ACB808F28CCF97100BACCCB /* UserDefaultsWrapper.swift in Sources */,
				9AC9E84328CC913C00EDF961 /* ErrorView.swift in Sources */,
				9ACB809128CCFC1600BACCCB /* WishListManager.swift in Sources */,
				9AAA5CF028CCD20000C3ABF9 /* Utils.swift in Sources */,
				9AC9E84728CC9FDE00EDF961 /* Constants.swift in Sources */,
			);
			runOnlyForDeploymentPostprocessing = 0;
		};
		9AC1211028C9C46500075625 /* Sources */ = {
			isa = PBXSourcesBuildPhase;
			buildActionMask = 2147483647;
			files = (
				9AC1211928C9C46500075625 /* ShoppingAppTests.swift in Sources */,
			);
			runOnlyForDeploymentPostprocessing = 0;
		};
		9AC1211A28C9C46500075625 /* Sources */ = {
			isa = PBXSourcesBuildPhase;
			buildActionMask = 2147483647;
			files = (
				9AC1212528C9C46500075625 /* ShoppingAppUITestsLaunchTests.swift in Sources */,
				9AC1212328C9C46500075625 /* ShoppingAppUITests.swift in Sources */,
			);
			runOnlyForDeploymentPostprocessing = 0;
		};
/* End PBXSourcesBuildPhase section */

/* Begin PBXTargetDependency section */
		9AC1211628C9C46500075625 /* PBXTargetDependency */ = {
			isa = PBXTargetDependency;
			target = 9AC1210328C9C46300075625 /* ShoppingApp */;
			targetProxy = 9AC1211528C9C46500075625 /* PBXContainerItemProxy */;
		};
		9AC1212028C9C46500075625 /* PBXTargetDependency */ = {
			isa = PBXTargetDependency;
			target = 9AC1210328C9C46300075625 /* ShoppingApp */;
			targetProxy = 9AC1211F28C9C46500075625 /* PBXContainerItemProxy */;
		};
/* End PBXTargetDependency section */

/* Begin XCBuildConfiguration section */
		9AC1212628C9C46500075625 /* Debug */ = {
			isa = XCBuildConfiguration;
			buildSettings = {
				ALWAYS_SEARCH_USER_PATHS = NO;
				CLANG_ANALYZER_NONNULL = YES;
				CLANG_ANALYZER_NUMBER_OBJECT_CONVERSION = YES_AGGRESSIVE;
				CLANG_CXX_LANGUAGE_STANDARD = "gnu++17";
				CLANG_ENABLE_MODULES = YES;
				CLANG_ENABLE_OBJC_ARC = YES;
				CLANG_ENABLE_OBJC_WEAK = YES;
				CLANG_WARN_BLOCK_CAPTURE_AUTORELEASING = YES;
				CLANG_WARN_BOOL_CONVERSION = YES;
				CLANG_WARN_COMMA = YES;
				CLANG_WARN_CONSTANT_CONVERSION = YES;
				CLANG_WARN_DEPRECATED_OBJC_IMPLEMENTATIONS = YES;
				CLANG_WARN_DIRECT_OBJC_ISA_USAGE = YES_ERROR;
				CLANG_WARN_DOCUMENTATION_COMMENTS = YES;
				CLANG_WARN_EMPTY_BODY = YES;
				CLANG_WARN_ENUM_CONVERSION = YES;
				CLANG_WARN_INFINITE_RECURSION = YES;
				CLANG_WARN_INT_CONVERSION = YES;
				CLANG_WARN_NON_LITERAL_NULL_CONVERSION = YES;
				CLANG_WARN_OBJC_IMPLICIT_RETAIN_SELF = YES;
				CLANG_WARN_OBJC_LITERAL_CONVERSION = YES;
				CLANG_WARN_OBJC_ROOT_CLASS = YES_ERROR;
				CLANG_WARN_QUOTED_INCLUDE_IN_FRAMEWORK_HEADER = YES;
				CLANG_WARN_RANGE_LOOP_ANALYSIS = YES;
				CLANG_WARN_STRICT_PROTOTYPES = YES;
				CLANG_WARN_SUSPICIOUS_MOVE = YES;
				CLANG_WARN_UNGUARDED_AVAILABILITY = YES_AGGRESSIVE;
				CLANG_WARN_UNREACHABLE_CODE = YES;
				CLANG_WARN__DUPLICATE_METHOD_MATCH = YES;
				COPY_PHASE_STRIP = NO;
				DEBUG_INFORMATION_FORMAT = dwarf;
				ENABLE_STRICT_OBJC_MSGSEND = YES;
				ENABLE_TESTABILITY = YES;
				GCC_C_LANGUAGE_STANDARD = gnu11;
				GCC_DYNAMIC_NO_PIC = NO;
				GCC_NO_COMMON_BLOCKS = YES;
				GCC_OPTIMIZATION_LEVEL = 0;
				GCC_PREPROCESSOR_DEFINITIONS = (
					"DEBUG=1",
					"$(inherited)",
				);
				GCC_WARN_64_TO_32_BIT_CONVERSION = YES;
				GCC_WARN_ABOUT_RETURN_TYPE = YES_ERROR;
				GCC_WARN_UNDECLARED_SELECTOR = YES;
				GCC_WARN_UNINITIALIZED_AUTOS = YES_AGGRESSIVE;
				GCC_WARN_UNUSED_FUNCTION = YES;
				GCC_WARN_UNUSED_VARIABLE = YES;
				IPHONEOS_DEPLOYMENT_TARGET = 14.0;
				MTL_ENABLE_DEBUG_INFO = INCLUDE_SOURCE;
				MTL_FAST_MATH = YES;
				ONLY_ACTIVE_ARCH = YES;
				SDKROOT = iphoneos;
				SWIFT_ACTIVE_COMPILATION_CONDITIONS = DEBUG;
				SWIFT_OPTIMIZATION_LEVEL = "-Onone";
			};
			name = Debug;
		};
		9AC1212728C9C46500075625 /* Release */ = {
			isa = XCBuildConfiguration;
			buildSettings = {
				ALWAYS_SEARCH_USER_PATHS = NO;
				CLANG_ANALYZER_NONNULL = YES;
				CLANG_ANALYZER_NUMBER_OBJECT_CONVERSION = YES_AGGRESSIVE;
				CLANG_CXX_LANGUAGE_STANDARD = "gnu++17";
				CLANG_ENABLE_MODULES = YES;
				CLANG_ENABLE_OBJC_ARC = YES;
				CLANG_ENABLE_OBJC_WEAK = YES;
				CLANG_WARN_BLOCK_CAPTURE_AUTORELEASING = YES;
				CLANG_WARN_BOOL_CONVERSION = YES;
				CLANG_WARN_COMMA = YES;
				CLANG_WARN_CONSTANT_CONVERSION = YES;
				CLANG_WARN_DEPRECATED_OBJC_IMPLEMENTATIONS = YES;
				CLANG_WARN_DIRECT_OBJC_ISA_USAGE = YES_ERROR;
				CLANG_WARN_DOCUMENTATION_COMMENTS = YES;
				CLANG_WARN_EMPTY_BODY = YES;
				CLANG_WARN_ENUM_CONVERSION = YES;
				CLANG_WARN_INFINITE_RECURSION = YES;
				CLANG_WARN_INT_CONVERSION = YES;
				CLANG_WARN_NON_LITERAL_NULL_CONVERSION = YES;
				CLANG_WARN_OBJC_IMPLICIT_RETAIN_SELF = YES;
				CLANG_WARN_OBJC_LITERAL_CONVERSION = YES;
				CLANG_WARN_OBJC_ROOT_CLASS = YES_ERROR;
				CLANG_WARN_QUOTED_INCLUDE_IN_FRAMEWORK_HEADER = YES;
				CLANG_WARN_RANGE_LOOP_ANALYSIS = YES;
				CLANG_WARN_STRICT_PROTOTYPES = YES;
				CLANG_WARN_SUSPICIOUS_MOVE = YES;
				CLANG_WARN_UNGUARDED_AVAILABILITY = YES_AGGRESSIVE;
				CLANG_WARN_UNREACHABLE_CODE = YES;
				CLANG_WARN__DUPLICATE_METHOD_MATCH = YES;
				COPY_PHASE_STRIP = NO;
				DEBUG_INFORMATION_FORMAT = "dwarf-with-dsym";
				ENABLE_NS_ASSERTIONS = NO;
				ENABLE_STRICT_OBJC_MSGSEND = YES;
				GCC_C_LANGUAGE_STANDARD = gnu11;
				GCC_NO_COMMON_BLOCKS = YES;
				GCC_WARN_64_TO_32_BIT_CONVERSION = YES;
				GCC_WARN_ABOUT_RETURN_TYPE = YES_ERROR;
				GCC_WARN_UNDECLARED_SELECTOR = YES;
				GCC_WARN_UNINITIALIZED_AUTOS = YES_AGGRESSIVE;
				GCC_WARN_UNUSED_FUNCTION = YES;
				GCC_WARN_UNUSED_VARIABLE = YES;
				IPHONEOS_DEPLOYMENT_TARGET = 14.0;
				MTL_ENABLE_DEBUG_INFO = NO;
				MTL_FAST_MATH = YES;
				SDKROOT = iphoneos;
				SWIFT_COMPILATION_MODE = wholemodule;
				SWIFT_OPTIMIZATION_LEVEL = "-O";
				VALIDATE_PRODUCT = YES;
			};
			name = Release;
		};
		9AC1212928C9C46500075625 /* Debug */ = {
			isa = XCBuildConfiguration;
			buildSettings = {
				ASSETCATALOG_COMPILER_APPICON_NAME = AppIcon;
				ASSETCATALOG_COMPILER_GLOBAL_ACCENT_COLOR_NAME = AccentColor;
				CODE_SIGN_STYLE = Automatic;
				CURRENT_PROJECT_VERSION = 1;
				DEVELOPMENT_ASSET_PATHS = "\"ShoppingApp/Preview Content\"";
				DEVELOPMENT_TEAM = QCBY87LF55;
				ENABLE_PREVIEWS = YES;
				GENERATE_INFOPLIST_FILE = YES;
				INFOPLIST_FILE = ShoppingApp/AppFiles/Info.plist;
				INFOPLIST_KEY_CFBundleDisplayName = ShoppingApp;
				INFOPLIST_KEY_UIApplicationSceneManifest_Generation = YES;
				INFOPLIST_KEY_UIApplicationSupportsIndirectInputEvents = YES;
				INFOPLIST_KEY_UILaunchScreen_Generation = YES;
				INFOPLIST_KEY_UISupportedInterfaceOrientations = UIInterfaceOrientationPortrait;
				INFOPLIST_KEY_UISupportedInterfaceOrientations_iPad = "UIInterfaceOrientationPortrait UIInterfaceOrientationPortraitUpsideDown UIInterfaceOrientationLandscapeLeft UIInterfaceOrientationLandscapeRight";
				INFOPLIST_KEY_UISupportedInterfaceOrientations_iPhone = "UIInterfaceOrientationPortrait UIInterfaceOrientationLandscapeLeft UIInterfaceOrientationLandscapeRight";
				LD_RUNPATH_SEARCH_PATHS = (
					"$(inherited)",
					"@executable_path/Frameworks",
				);
				MARKETING_VERSION = 1.0;
				PRODUCT_BUNDLE_IDENTIFIER = com.abdelaty.ShoppingApp;
				PRODUCT_NAME = "$(TARGET_NAME)";
				SWIFT_EMIT_LOC_STRINGS = YES;
				SWIFT_VERSION = 5.0;
				TARGETED_DEVICE_FAMILY = 1;
			};
			name = Debug;
		};
		9AC1212A28C9C46500075625 /* Release */ = {
			isa = XCBuildConfiguration;
			buildSettings = {
				ASSETCATALOG_COMPILER_APPICON_NAME = AppIcon;
				ASSETCATALOG_COMPILER_GLOBAL_ACCENT_COLOR_NAME = AccentColor;
				CODE_SIGN_STYLE = Automatic;
				CURRENT_PROJECT_VERSION = 1;
				DEVELOPMENT_ASSET_PATHS = "\"ShoppingApp/Preview Content\"";
				DEVELOPMENT_TEAM = QCBY87LF55;
				ENABLE_PREVIEWS = YES;
				GENERATE_INFOPLIST_FILE = YES;
				INFOPLIST_FILE = ShoppingApp/AppFiles/Info.plist;
				INFOPLIST_KEY_CFBundleDisplayName = ShoppingApp;
				INFOPLIST_KEY_UIApplicationSceneManifest_Generation = YES;
				INFOPLIST_KEY_UIApplicationSupportsIndirectInputEvents = YES;
				INFOPLIST_KEY_UILaunchScreen_Generation = YES;
				INFOPLIST_KEY_UISupportedInterfaceOrientations = UIInterfaceOrientationPortrait;
				INFOPLIST_KEY_UISupportedInterfaceOrientations_iPad = "UIInterfaceOrientationPortrait UIInterfaceOrientationPortraitUpsideDown UIInterfaceOrientationLandscapeLeft UIInterfaceOrientationLandscapeRight";
				INFOPLIST_KEY_UISupportedInterfaceOrientations_iPhone = "UIInterfaceOrientationPortrait UIInterfaceOrientationLandscapeLeft UIInterfaceOrientationLandscapeRight";
				LD_RUNPATH_SEARCH_PATHS = (
					"$(inherited)",
					"@executable_path/Frameworks",
				);
				MARKETING_VERSION = 1.0;
				PRODUCT_BUNDLE_IDENTIFIER = com.abdelaty.ShoppingApp;
				PRODUCT_NAME = "$(TARGET_NAME)";
				SWIFT_EMIT_LOC_STRINGS = YES;
				SWIFT_VERSION = 5.0;
				TARGETED_DEVICE_FAMILY = 1;
			};
			name = Release;
		};
		9AC1212C28C9C46500075625 /* Debug */ = {
			isa = XCBuildConfiguration;
			buildSettings = {
				ALWAYS_EMBED_SWIFT_STANDARD_LIBRARIES = YES;
				BUNDLE_LOADER = "$(TEST_HOST)";
				CODE_SIGN_STYLE = Automatic;
				CURRENT_PROJECT_VERSION = 1;
				DEVELOPMENT_TEAM = QCBY87LF55;
				GENERATE_INFOPLIST_FILE = YES;
				IPHONEOS_DEPLOYMENT_TARGET = 15.5;
				MARKETING_VERSION = 1.0;
				PRODUCT_BUNDLE_IDENTIFIER = com.abdelaty.ShoppingAppTests;
				PRODUCT_NAME = "$(TARGET_NAME)";
				SWIFT_EMIT_LOC_STRINGS = NO;
				SWIFT_VERSION = 5.0;
				TARGETED_DEVICE_FAMILY = "1,2";
				TEST_HOST = "$(BUILT_PRODUCTS_DIR)/ShoppingApp.app/ShoppingApp";
			};
			name = Debug;
		};
		9AC1212D28C9C46500075625 /* Release */ = {
			isa = XCBuildConfiguration;
			buildSettings = {
				ALWAYS_EMBED_SWIFT_STANDARD_LIBRARIES = YES;
				BUNDLE_LOADER = "$(TEST_HOST)";
				CODE_SIGN_STYLE = Automatic;
				CURRENT_PROJECT_VERSION = 1;
				DEVELOPMENT_TEAM = QCBY87LF55;
				GENERATE_INFOPLIST_FILE = YES;
				IPHONEOS_DEPLOYMENT_TARGET = 15.5;
				MARKETING_VERSION = 1.0;
				PRODUCT_BUNDLE_IDENTIFIER = com.abdelaty.ShoppingAppTests;
				PRODUCT_NAME = "$(TARGET_NAME)";
				SWIFT_EMIT_LOC_STRINGS = NO;
				SWIFT_VERSION = 5.0;
				TARGETED_DEVICE_FAMILY = "1,2";
				TEST_HOST = "$(BUILT_PRODUCTS_DIR)/ShoppingApp.app/ShoppingApp";
			};
			name = Release;
		};
		9AC1212F28C9C46500075625 /* Debug */ = {
			isa = XCBuildConfiguration;
			buildSettings = {
				ALWAYS_EMBED_SWIFT_STANDARD_LIBRARIES = YES;
				CODE_SIGN_STYLE = Automatic;
				CURRENT_PROJECT_VERSION = 1;
				DEVELOPMENT_TEAM = QCBY87LF55;
				GENERATE_INFOPLIST_FILE = YES;
				MARKETING_VERSION = 1.0;
				PRODUCT_BUNDLE_IDENTIFIER = com.abdelaty.ShoppingAppUITests;
				PRODUCT_NAME = "$(TARGET_NAME)";
				SWIFT_EMIT_LOC_STRINGS = NO;
				SWIFT_VERSION = 5.0;
				TARGETED_DEVICE_FAMILY = "1,2";
				TEST_TARGET_NAME = ShoppingApp;
			};
			name = Debug;
		};
		9AC1213028C9C46500075625 /* Release */ = {
			isa = XCBuildConfiguration;
			buildSettings = {
				ALWAYS_EMBED_SWIFT_STANDARD_LIBRARIES = YES;
				CODE_SIGN_STYLE = Automatic;
				CURRENT_PROJECT_VERSION = 1;
				DEVELOPMENT_TEAM = QCBY87LF55;
				GENERATE_INFOPLIST_FILE = YES;
				MARKETING_VERSION = 1.0;
				PRODUCT_BUNDLE_IDENTIFIER = com.abdelaty.ShoppingAppUITests;
				PRODUCT_NAME = "$(TARGET_NAME)";
				SWIFT_EMIT_LOC_STRINGS = NO;
				SWIFT_VERSION = 5.0;
				TARGETED_DEVICE_FAMILY = "1,2";
				TEST_TARGET_NAME = ShoppingApp;
			};
			name = Release;
		};
/* End XCBuildConfiguration section */

/* Begin XCConfigurationList section */
		9AC120FF28C9C46300075625 /* Build configuration list for PBXProject "ShoppingApp" */ = {
			isa = XCConfigurationList;
			buildConfigurations = (
				9AC1212628C9C46500075625 /* Debug */,
				9AC1212728C9C46500075625 /* Release */,
			);
			defaultConfigurationIsVisible = 0;
			defaultConfigurationName = Release;
		};
		9AC1212828C9C46500075625 /* Build configuration list for PBXNativeTarget "ShoppingApp" */ = {
			isa = XCConfigurationList;
			buildConfigurations = (
				9AC1212928C9C46500075625 /* Debug */,
				9AC1212A28C9C46500075625 /* Release */,
			);
			defaultConfigurationIsVisible = 0;
			defaultConfigurationName = Release;
		};
		9AC1212B28C9C46500075625 /* Build configuration list for PBXNativeTarget "ShoppingAppTests" */ = {
			isa = XCConfigurationList;
			buildConfigurations = (
				9AC1212C28C9C46500075625 /* Debug */,
				9AC1212D28C9C46500075625 /* Release */,
			);
			defaultConfigurationIsVisible = 0;
			defaultConfigurationName = Release;
		};
		9AC1212E28C9C46500075625 /* Build configuration list for PBXNativeTarget "ShoppingAppUITests" */ = {
			isa = XCConfigurationList;
			buildConfigurations = (
				9AC1212F28C9C46500075625 /* Debug */,
				9AC1213028C9C46500075625 /* Release */,
			);
			defaultConfigurationIsVisible = 0;
			defaultConfigurationName = Release;
		};
/* End XCConfigurationList section */
	};
	rootObject = 9AC120FC28C9C46300075625 /* Project object */;
}
